
Microsoft Visual Studio Solution File, Format Version 12.00
# Visual Studio 2013
VisualStudioVersion = 12.0.40629.0
MinimumVisualStudioVersion = 10.0.40219.1
Project("{FAE04EC0-301F-11D3-BF4B-00C04F79EFBC}") = "CSAS", "CSAS\CSAS.csproj", "{EEADCE28-DA37-4022-A25F-C960A2A53016}"
EndProject
Project("{FAE04EC0-301F-11D3-BF4B-00C04F79EFBC}") = "CSAS.Tests", "CSAS.Tests\CSAS.Tests.csproj", "{DA0CE9D2-F7F1-463D-BDB4-B9F22A280DD6}"
EndProject
Global
	GlobalSection(SolutionConfigurationPlatforms) = preSolution
		Debug|Any CPU = Debug|Any CPU
		Release|Any CPU = Release|Any CPU
	EndGlobalSection
	GlobalSection(ProjectConfigurationPlatforms) = postSolution
		{EEADCE28-DA37-4022-A25F-C960A2A53016}.Debug|Any CPU.ActiveCfg = Debug|Any CPU
		{EEADCE28-DA37-4022-A25F-C960A2A53016}.Debug|Any CPU.Build.0 = Debug|Any CPU
		{EEADCE28-DA37-4022-A25F-C960A2A53016}.Release|Any CPU.ActiveCfg = Release|Any CPU
		{EEADCE28-DA37-4022-A25F-C960A2A53016}.Release|Any CPU.Build.0 = Release|Any CPU
		{DA0CE9D2-F7F1-463D-BDB4-B9F22A280DD6}.Debug|Any CPU.ActiveCfg = Debug|Any CPU
		{DA0CE9D2-F7F1-463D-BDB4-B9F22A280DD6}.Debug|Any CPU.Build.0 = Debug|Any CPU
		{DA0CE9D2-F7F1-463D-BDB4-B9F22A280DD6}.Release|Any CPU.ActiveCfg = Release|Any CPU
		{DA0CE9D2-F7F1-463D-BDB4-B9F22A280DD6}.Release|Any CPU.Build.0 = Release|Any CPU
	EndGlobalSection
	GlobalSection(SolutionProperties) = preSolution
		HideSolutionNode = FALSE
	EndGlobalSection
EndGlobal
